
Microsoft Visual Studio Solution File, Format Version 12.00
# Visual Studio Version 16
VisualStudioVersion = 16.0.33423.256
MinimumVisualStudioVersion = 10.0.40219.1
Project("{FAE04EC0-301F-11D3-BF4B-00C04F79EFBC}") = "New Endy", "..\..\..\..\AppData\Local\Temp\Rar$DIa10732.16040\New Endy\New Endy.csproj", "{09695733-A121-4D43-B20F-669A820B1926}"
EndProject
Global
	GlobalSection(SolutionConfigurationPlatforms) = preSolution
		Debug|Any CPU = Debug|Any CPU
		Release|Any CPU = Release|Any CPU
	EndGlobalSection
	GlobalSection(ProjectConfigurationPlatforms) = postSolution
		{09695733-A121-4D43-B20F-669A820B1926}.Debug|Any CPU.ActiveCfg = Debug|Any CPU
		{09695733-A121-4D43-B20F-669A820B1926}.Debug|Any CPU.Build.0 = Debug|Any CPU
		{09695733-A121-4D43-B20F-669A820B1926}.Release|Any CPU.ActiveCfg = Release|Any CPU
		{09695733-A121-4D43-B20F-669A820B1926}.Release|Any CPU.Build.0 = Release|Any CPU
	EndGlobalSection
	GlobalSection(SolutionProperties) = preSolution
		HideSolutionNode = FALSE
	EndGlobalSection
	GlobalSection(ExtensibilityGlobals) = postSolution
		SolutionGuid = {487097B0-1C7E-4111-81B1-453DBB9BE099}
	EndGlobalSection
EndGlobal
